# THIS IS AN AUTOGENERATED FILE. DO NOT EDIT THIS FILE DIRECTLY.
# yarn lockfile v1


"abbrev@1", "abbrev@1.0.x":
  "resolved" "https://registry.npmjs.org/abbrev/-/abbrev-1.0.9.tgz"
  "version" "1.0.9"

"accepts@~1.3.3":
  "resolved" "https://registry.npmjs.org/accepts/-/accepts-1.3.3.tgz"
  "version" "1.3.3"
  dependencies:
    "mime-types" "~2.1.11"
    "negotiator" "0.6.1"

"amdefine@>=0.0.4":
  "resolved" "https://registry.npmjs.org/amdefine/-/amdefine-1.0.1.tgz"
  "version" "1.0.1"

"ansi-regex@^2.0.0":
  "resolved" "https://registry.npmjs.org/ansi-regex/-/ansi-regex-2.0.0.tgz"
  "version" "2.0.0"

"ansi-styles@^2.2.1":
  "resolved" "https://registry.npmjs.org/ansi-styles/-/ansi-styles-2.2.1.tgz"
  "version" "2.2.1"

"argparse@^1.0.7":
  "resolved" "https://registry.npmjs.org/argparse/-/argparse-1.0.9.tgz"
  "version" "1.0.9"
  dependencies:
    "sprintf-js" "~1.0.2"

"array-flatten@1.1.1":
  "resolved" "https://registry.npmjs.org/array-flatten/-/array-flatten-1.1.1.tgz"
  "version" "1.1.1"

"asn1@~0.2.3":
  "resolved" "https://registry.npmjs.org/asn1/-/asn1-0.2.4.tgz"
  "version" "0.2.4"
  dependencies:
    "safer-buffer" "~2.1.0"

"assert-plus@^0.2.0":
  "resolved" "https://registry.npmjs.org/assert-plus/-/assert-plus-0.2.0.tgz"
  "version" "0.2.0"

"assert-plus@^1.0.0":
  "resolved" "https://registry.npmjs.org/assert-plus/-/assert-plus-1.0.0.tgz"
  "version" "1.0.0"

"assertion-error@^1.0.1":
  "resolved" "https://registry.npmjs.org/assertion-error/-/assertion-error-1.0.2.tgz"
  "version" "1.0.2"

"async@^1.5.2", "async@1.x":
  "resolved" "https://registry.npmjs.org/async/-/async-1.5.2.tgz"
  "version" "1.5.2"

"asynckit@^0.4.0":
  "resolved" "https://registry.npmjs.org/asynckit/-/asynckit-0.4.0.tgz"
  "version" "0.4.0"

"aws-sign2@~0.6.0":
  "resolved" "https://registry.npmjs.org/aws-sign2/-/aws-sign2-0.6.0.tgz"
  "version" "0.6.0"

"aws4@^1.2.1":
  "resolved" "https://registry.npmjs.org/aws4/-/aws4-1.5.0.tgz"
  "version" "1.5.0"

"balanced-match@^0.4.1":
  "resolved" "https://registry.npmjs.org/balanced-match/-/balanced-match-0.4.2.tgz"
  "version" "0.4.2"

"base64-url@1.3.3":
  "resolved" "https://registry.npmjs.org/base64-url/-/base64-url-1.3.3.tgz"
  "version" "1.3.3"

"bcrypt-pbkdf@^1.0.0":
  "resolved" "https://registry.npmjs.org/bcrypt-pbkdf/-/bcrypt-pbkdf-1.0.2.tgz"
  "version" "1.0.2"
  dependencies:
    "tweetnacl" "^0.14.3"

"bintrees@1.0.1":
  "resolved" "https://registry.npmjs.org/bintrees/-/bintrees-1.0.1.tgz"
  "version" "1.0.1"

"body-parser@^1.15.1":
  "resolved" "https://registry.npmjs.org/body-parser/-/body-parser-1.15.2.tgz"
  "version" "1.15.2"
  dependencies:
    "bytes" "2.4.0"
    "content-type" "~1.0.2"
    "debug" "~2.2.0"
    "depd" "~1.1.0"
    "http-errors" "~1.5.0"
    "iconv-lite" "0.4.13"
    "on-finished" "~2.3.0"
    "qs" "6.2.0"
    "raw-body" "~2.1.7"
    "type-is" "~1.6.13"

"boom@2.x.x":
  "resolved" "https://registry.npmjs.org/boom/-/boom-2.10.1.tgz"
  "version" "2.10.1"
  dependencies:
    "hoek" "2.x.x"

"brace-expansion@^1.0.0":
  "resolved" "https://registry.npmjs.org/brace-expansion/-/brace-expansion-1.1.6.tgz"
  "version" "1.1.6"
  dependencies:
    "balanced-match" "^0.4.1"
    "concat-map" "0.0.1"

"browser-stdout@1.3.0":
  "resolved" "https://registry.npmjs.org/browser-stdout/-/browser-stdout-1.3.0.tgz"
  "version" "1.3.0"

"bson@~1.0.1":
  "resolved" "https://registry.npmjs.org/bson/-/bson-1.0.9.tgz"
  "version" "1.0.9"

"buffer-shims@^1.0.0":
  "resolved" "https://registry.npmjs.org/buffer-shims/-/buffer-shims-1.0.0.tgz"
  "version" "1.0.0"

"bytes@~0.2.0":
  "integrity" "sha512-odbk8/wGazOuC1v8v4phoV285/yx8UN5kfQhhuxaVcceig4OUiCZQBtaEtmA1Q78QSTN9iXOQ7X2EViybrEvtQ=="
  "resolved" "https://registry.npmjs.org/bytes/-/bytes-0.2.1.tgz"
  "version" "0.2.1"

"bytes@2.4.0":
  "resolved" "https://registry.npmjs.org/bytes/-/bytes-2.4.0.tgz"
  "version" "2.4.0"

"caseless@~0.11.0":
  "resolved" "https://registry.npmjs.org/caseless/-/caseless-0.11.0.tgz"
  "version" "0.11.0"

"chai-http@^3.0.0":
  "resolved" "https://registry.npmjs.org/chai-http/-/chai-http-3.0.0.tgz"
  "version" "3.0.0"
  dependencies:
    "cookiejar" "2.0.x"
    "is-ip" "1.0.0"
    "methods" "^1.1.2"
    "qs" "^6.2.0"
    "superagent" "^2.0.0"

"chai@^3.5.0":
  "resolved" "https://registry.npmjs.org/chai/-/chai-3.5.0.tgz"
  "version" "3.5.0"
  dependencies:
    "assertion-error" "^1.0.1"
    "deep-eql" "^0.1.3"
    "type-detect" "^1.0.0"

"chalk@^1.1.1":
  "resolved" "https://registry.npmjs.org/chalk/-/chalk-1.1.3.tgz"
  "version" "1.1.3"
  dependencies:
    "ansi-styles" "^2.2.1"
    "escape-string-regexp" "^1.0.2"
    "has-ansi" "^2.0.0"
    "strip-ansi" "^3.0.0"
    "supports-color" "^2.0.0"

"charenc@~0.0.1":
  "resolved" "https://registry.npmjs.org/charenc/-/charenc-0.0.2.tgz"
  "version" "0.0.2"

"combined-stream@^1.0.5", "combined-stream@~1.0.5":
  "resolved" "https://registry.npmjs.org/combined-stream/-/combined-stream-1.0.5.tgz"
  "version" "1.0.5"
  dependencies:
    "delayed-stream" "~1.0.0"

"commander@^2.9.0", "commander@2.9.0":
  "resolved" "https://registry.npmjs.org/commander/-/commander-2.9.0.tgz"
  "version" "2.9.0"
  dependencies:
    "graceful-readlink" ">= 1.0.0"

"commander@~2.20.3":
  "resolved" "https://registry.npmjs.org/commander/-/commander-2.20.3.tgz"
  "version" "2.20.3"

"component-emitter@^1.2.0":
  "resolved" "https://registry.npmjs.org/component-emitter/-/component-emitter-1.2.1.tgz"
  "version" "1.2.1"

"concat-map@0.0.1":
  "resolved" "https://registry.npmjs.org/concat-map/-/concat-map-0.0.1.tgz"
  "version" "0.0.1"

"connect-redis@^3.2.0":
  "resolved" "https://registry.npmjs.org/connect-redis/-/connect-redis-3.4.2.tgz"
  "version" "3.4.2"
  dependencies:
    "debug" "^4.1.1"
    "redis" "^2.8.0"

"content-disposition@0.5.1":
  "resolved" "https://registry.npmjs.org/content-disposition/-/content-disposition-0.5.1.tgz"
  "version" "0.5.1"

"content-type@~1.0.2":
  "resolved" "https://registry.npmjs.org/content-type/-/content-type-1.0.2.tgz"
  "version" "1.0.2"

"cookie-parser@^1.4.3":
  "resolved" "https://registry.npmjs.org/cookie-parser/-/cookie-parser-1.4.3.tgz"
  "version" "1.4.3"
  dependencies:
    "cookie" "0.3.1"
    "cookie-signature" "1.0.6"

"cookie-signature@1.0.6":
  "resolved" "https://registry.npmjs.org/cookie-signature/-/cookie-signature-1.0.6.tgz"
  "version" "1.0.6"

"cookie@0.3.1":
  "resolved" "https://registry.npmjs.org/cookie/-/cookie-0.3.1.tgz"
  "version" "0.3.1"

"cookiejar@^2.0.6", "cookiejar@2.0.x":
  "resolved" "https://registry.npmjs.org/cookiejar/-/cookiejar-2.0.6.tgz"
  "version" "2.0.6"

"core-util-is@~1.0.0":
  "resolved" "https://registry.npmjs.org/core-util-is/-/core-util-is-1.0.2.tgz"
  "version" "1.0.2"

"crc@3.4.1":
  "resolved" "https://registry.npmjs.org/crc/-/crc-3.4.1.tgz"
  "version" "3.4.1"

"crypt@~0.0.1":
  "resolved" "https://registry.npmjs.org/crypt/-/crypt-0.0.2.tgz"
  "version" "0.0.2"

"cryptiles@2.x.x":
  "resolved" "https://registry.npmjs.org/cryptiles/-/cryptiles-2.0.5.tgz"
  "version" "2.0.5"
  dependencies:
    "boom" "2.x.x"

"dashdash@^1.12.0":
  "resolved" "https://registry.npmjs.org/dashdash/-/dashdash-1.14.1.tgz"
  "version" "1.14.1"
  dependencies:
    "assert-plus" "^1.0.0"

"debug@^2.2.0", "debug@~2.2.0", "debug@2.2.0":
  "resolved" "https://registry.npmjs.org/debug/-/debug-2.2.0.tgz"
  "version" "2.2.0"
  dependencies:
    "ms" "0.7.1"

"debug@^4.1.1":
  "resolved" "https://registry.npmjs.org/debug/-/debug-4.1.1.tgz"
  "version" "4.1.1"
  dependencies:
    "ms" "^2.1.1"

"deep-eql@^0.1.3":
  "resolved" "https://registry.npmjs.org/deep-eql/-/deep-eql-0.1.3.tgz"
  "version" "0.1.3"
  dependencies:
    "type-detect" "0.1.1"

"deep-is@~0.1.3":
  "resolved" "https://registry.npmjs.org/deep-is/-/deep-is-0.1.3.tgz"
  "version" "0.1.3"

"delayed-stream@~1.0.0":
  "resolved" "https://registry.npmjs.org/delayed-stream/-/delayed-stream-1.0.0.tgz"
  "version" "1.0.0"

"depd@~1.1.0":
  "resolved" "https://registry.npmjs.org/depd/-/depd-1.1.0.tgz"
  "version" "1.1.0"

"destroy@~1.0.4":
  "resolved" "https://registry.npmjs.org/destroy/-/destroy-1.0.4.tgz"
  "version" "1.0.4"

"diff@1.4.0":
  "resolved" "https://registry.npmjs.org/diff/-/diff-1.4.0.tgz"
  "version" "1.4.0"

"double-ended-queue@^2.1.0-0":
  "resolved" "https://registry.npmjs.org/double-ended-queue/-/double-ended-queue-2.1.0-0.tgz"
  "version" "2.1.0-0"

"ecc-jsbn@~0.1.1":
  "resolved" "https://registry.npmjs.org/ecc-jsbn/-/ecc-jsbn-0.1.2.tgz"
  "version" "0.1.2"
  dependencies:
    "jsbn" "~0.1.0"
    "safer-buffer" "^2.1.0"

"ee-first@1.1.1":
  "resolved" "https://registry.npmjs.org/ee-first/-/ee-first-1.1.1.tgz"
  "version" "1.1.1"

"encodeurl@~1.0.1":
  "resolved" "https://registry.npmjs.org/encodeurl/-/encodeurl-1.0.1.tgz"
  "version" "1.0.1"

"es6-promise@3.2.1":
  "resolved" "https://registry.npmjs.org/es6-promise/-/es6-promise-3.2.1.tgz"
  "version" "3.2.1"

"escape-html@~1.0.3":
  "resolved" "https://registry.npmjs.org/escape-html/-/escape-html-1.0.3.tgz"
  "version" "1.0.3"

"escape-string-regexp@^1.0.2", "escape-string-regexp@1.0.5":
  "resolved" "https://registry.npmjs.org/escape-string-regexp/-/escape-string-regexp-1.0.5.tgz"
  "version" "1.0.5"

"escodegen@1.8.x":
  "resolved" "https://registry.npmjs.org/escodegen/-/escodegen-1.8.1.tgz"
  "version" "1.8.1"
  dependencies:
    "esprima" "^2.7.1"
    "estraverse" "^1.9.1"
    "esutils" "^2.0.2"
    "optionator" "^0.8.1"
  optionalDependencies:
    "source-map" "~0.2.0"

"esprima@^2.6.0", "esprima@^2.7.1", "esprima@2.7.x":
  "resolved" "https://registry.npmjs.org/esprima/-/esprima-2.7.3.tgz"
  "version" "2.7.3"

"estraverse@^1.9.1":
  "resolved" "https://registry.npmjs.org/estraverse/-/estraverse-1.9.3.tgz"
  "version" "1.9.3"

"esutils@^2.0.2":
  "resolved" "https://registry.npmjs.org/esutils/-/esutils-2.0.2.tgz"
  "version" "2.0.2"

"etag@~1.7.0":
  "resolved" "https://registry.npmjs.org/etag/-/etag-1.7.0.tgz"
  "version" "1.7.0"

"express-session@^1.13.0":
  "resolved" "https://registry.npmjs.org/express-session/-/express-session-1.14.2.tgz"
  "version" "1.14.2"
  dependencies:
    "cookie" "0.3.1"
    "cookie-signature" "1.0.6"
    "crc" "3.4.1"
    "debug" "~2.2.0"
    "depd" "~1.1.0"
    "on-headers" "~1.0.1"
    "parseurl" "~1.3.1"
    "uid-safe" "~2.1.3"
    "utils-merge" "1.0.0"

"express@^4.13.4":
  "resolved" "https://registry.npmjs.org/express/-/express-4.14.0.tgz"
  "version" "4.14.0"
  dependencies:
    "accepts" "~1.3.3"
    "array-flatten" "1.1.1"
    "content-disposition" "0.5.1"
    "content-type" "~1.0.2"
    "cookie" "0.3.1"
    "cookie-signature" "1.0.6"
    "debug" "~2.2.0"
    "depd" "~1.1.0"
    "encodeurl" "~1.0.1"
    "escape-html" "~1.0.3"
    "etag" "~1.7.0"
    "finalhandler" "0.5.0"
    "fresh" "0.3.0"
    "merge-descriptors" "1.0.1"
    "methods" "~1.1.2"
    "on-finished" "~2.3.0"
    "parseurl" "~1.3.1"
    "path-to-regexp" "0.1.7"
    "proxy-addr" "~1.1.2"
    "qs" "6.2.0"
    "range-parser" "~1.2.0"
    "send" "0.14.1"
    "serve-static" "~1.11.1"
    "type-is" "~1.6.13"
    "utils-merge" "1.0.0"
    "vary" "~1.1.0"

"extend@^3.0.0", "extend@~3.0.0":
  "resolved" "https://registry.npmjs.org/extend/-/extend-3.0.2.tgz"
  "version" "3.0.2"

"extsprintf@1.0.2":
  "resolved" "https://registry.npmjs.org/extsprintf/-/extsprintf-1.0.2.tgz"
  "version" "1.0.2"

"fast-levenshtein@~2.0.4":
  "resolved" "https://registry.npmjs.org/fast-levenshtein/-/fast-levenshtein-2.0.6.tgz"
  "version" "2.0.6"

"finalhandler@^0.4.1":
  "resolved" "https://registry.npmjs.org/finalhandler/-/finalhandler-0.4.1.tgz"
  "version" "0.4.1"
  dependencies:
    "debug" "~2.2.0"
    "escape-html" "~1.0.3"
    "on-finished" "~2.3.0"
    "unpipe" "~1.0.0"

"finalhandler@0.5.0":
  "resolved" "https://registry.npmjs.org/finalhandler/-/finalhandler-0.5.0.tgz"
  "version" "0.5.0"
  dependencies:
    "debug" "~2.2.0"
    "escape-html" "~1.0.3"
    "on-finished" "~2.3.0"
    "statuses" "~1.3.0"
    "unpipe" "~1.0.0"

"forever-agent@~0.6.1":
  "resolved" "https://registry.npmjs.org/forever-agent/-/forever-agent-0.6.1.tgz"
  "version" "0.6.1"

"form-data@~2.1.1":
  "resolved" "https://registry.npmjs.org/form-data/-/form-data-2.1.2.tgz"
  "version" "2.1.2"
  dependencies:
    "asynckit" "^0.4.0"
    "combined-stream" "^1.0.5"
    "mime-types" "^2.1.12"

"form-data@1.0.0-rc4":
  "resolved" "https://registry.npmjs.org/form-data/-/form-data-1.0.0-rc4.tgz"
  "version" "1.0.0-rc4"
  dependencies:
    "async" "^1.5.2"
    "combined-stream" "^1.0.5"
    "mime-types" "^2.1.10"

"formatio@1.1.1":
  "resolved" "https://registry.npmjs.org/formatio/-/formatio-1.1.1.tgz"
  "version" "1.1.1"
  dependencies:
    "samsam" "~1.1"

"formidable@^1.0.17":
  "resolved" "https://registry.npmjs.org/formidable/-/formidable-1.0.17.tgz"
  "version" "1.0.17"

"forwarded@~0.1.0":
  "resolved" "https://registry.npmjs.org/forwarded/-/forwarded-0.1.2.tgz"
  "version" "0.1.2"

"fresh@0.3.0":
  "resolved" "https://registry.npmjs.org/fresh/-/fresh-0.3.0.tgz"
  "version" "0.3.0"

"fs.realpath@^1.0.0":
  "resolved" "https://registry.npmjs.org/fs.realpath/-/fs.realpath-1.0.0.tgz"
  "version" "1.0.0"

"generate-function@^2.0.0":
  "resolved" "https://registry.npmjs.org/generate-function/-/generate-function-2.0.0.tgz"
  "version" "2.0.0"

"generate-object-property@^1.1.0":
  "resolved" "https://registry.npmjs.org/generate-object-property/-/generate-object-property-1.2.0.tgz"
  "version" "1.2.0"
  dependencies:
    "is-property" "^1.0.0"

"getpass@^0.1.1":
  "resolved" "https://registry.npmjs.org/getpass/-/getpass-0.1.7.tgz"
  "version" "0.1.7"
  dependencies:
    "assert-plus" "^1.0.0"

"glob@^5.0.15":
  "resolved" "https://registry.npmjs.org/glob/-/glob-5.0.15.tgz"
  "version" "5.0.15"
  dependencies:
    "inflight" "^1.0.4"
    "inherits" "2"
    "minimatch" "2 || 3"
    "once" "^1.3.0"
    "path-is-absolute" "^1.0.0"

"glob@7.0.5":
  "resolved" "https://registry.npmjs.org/glob/-/glob-7.0.5.tgz"
  "version" "7.0.5"
  dependencies:
    "fs.realpath" "^1.0.0"
    "inflight" "^1.0.4"
    "inherits" "2"
    "minimatch" "^3.0.2"
    "once" "^1.3.0"
    "path-is-absolute" "^1.0.0"

"graceful-readlink@>= 1.0.0":
  "resolved" "https://registry.npmjs.org/graceful-readlink/-/graceful-readlink-1.0.1.tgz"
  "version" "1.0.1"

"growl@1.9.2":
  "resolved" "https://registry.npmjs.org/growl/-/growl-1.9.2.tgz"
  "version" "1.9.2"

"handlebars@^4.0.1":
  "resolved" "https://registry.npmjs.org/handlebars/-/handlebars-4.5.1.tgz"
  "version" "4.5.1"
  dependencies:
    "neo-async" "^2.6.0"
    "optimist" "^0.6.1"
    "source-map" "^0.6.1"
  optionalDependencies:
    "uglify-js" "^3.1.4"

"har-validator@~2.0.6":
  "resolved" "https://registry.npmjs.org/har-validator/-/har-validator-2.0.6.tgz"
  "version" "2.0.6"
  dependencies:
    "chalk" "^1.1.1"
    "commander" "^2.9.0"
    "is-my-json-valid" "^2.12.4"
    "pinkie-promise" "^2.0.0"

"has-ansi@^2.0.0":
  "resolved" "https://registry.npmjs.org/has-ansi/-/has-ansi-2.0.0.tgz"
  "version" "2.0.0"
  dependencies:
    "ansi-regex" "^2.0.0"

"has-flag@^1.0.0":
  "resolved" "https://registry.npmjs.org/has-flag/-/has-flag-1.0.0.tgz"
  "version" "1.0.0"

"hawk@~3.1.3":
  "resolved" "https://registry.npmjs.org/hawk/-/hawk-3.1.3.tgz"
  "version" "3.1.3"
  dependencies:
    "boom" "2.x.x"
    "cryptiles" "2.x.x"
    "hoek" "2.x.x"
    "sntp" "1.x.x"

"hoek@2.x.x":
  "resolved" "https://registry.npmjs.org/hoek/-/hoek-2.16.3.tgz"
  "version" "2.16.3"

"http-errors@~1.5.0":
  "resolved" "https://registry.npmjs.org/http-errors/-/http-errors-1.5.1.tgz"
  "version" "1.5.1"
  dependencies:
    "inherits" "2.0.3"
    "setprototypeof" "1.0.2"
    "statuses" ">= 1.3.1 < 2"

"http-signature@~1.1.0":
  "resolved" "https://registry.npmjs.org/http-signature/-/http-signature-1.1.1.tgz"
  "version" "1.1.1"
  dependencies:
    "assert-plus" "^0.2.0"
    "jsprim" "^1.2.2"
    "sshpk" "^1.7.0"

"iconv-lite@0.4.13":
  "resolved" "https://registry.npmjs.org/iconv-lite/-/iconv-lite-0.4.13.tgz"
  "version" "0.4.13"

"inflight@^1.0.4":
  "resolved" "https://registry.npmjs.org/inflight/-/inflight-1.0.6.tgz"
  "version" "1.0.6"
  dependencies:
    "once" "^1.3.0"
    "wrappy" "1"

"inherits@~2.0.1", "inherits@2", "inherits@2.0.3":
  "resolved" "https://registry.npmjs.org/inherits/-/inherits-2.0.3.tgz"
  "version" "2.0.3"

"inherits@2.0.1":
  "resolved" "https://registry.npmjs.org/inherits/-/inherits-2.0.1.tgz"
  "version" "2.0.1"

"ip-regex@^1.0.0":
  "resolved" "https://registry.npmjs.org/ip-regex/-/ip-regex-1.0.3.tgz"
  "version" "1.0.3"

"ipaddr.js@1.1.1":
  "resolved" "https://registry.npmjs.org/ipaddr.js/-/ipaddr.js-1.1.1.tgz"
  "version" "1.1.1"

"is-buffer@~1.1.1":
  "resolved" "https://registry.npmjs.org/is-buffer/-/is-buffer-1.1.4.tgz"
  "version" "1.1.4"

"is-ip@1.0.0":
  "resolved" "https://registry.npmjs.org/is-ip/-/is-ip-1.0.0.tgz"
  "version" "1.0.0"
  dependencies:
    "ip-regex" "^1.0.0"

"is-my-json-valid@^2.12.4":
  "resolved" "https://registry.npmjs.org/is-my-json-valid/-/is-my-json-valid-2.15.0.tgz"
  "version" "2.15.0"
  dependencies:
    "generate-function" "^2.0.0"
    "generate-object-property" "^1.1.0"
    "jsonpointer" "^4.0.0"
    "xtend" "^4.0.0"

"is-property@^1.0.0":
  "resolved" "https://registry.npmjs.org/is-property/-/is-property-1.0.2.tgz"
  "version" "1.0.2"

"is-typedarray@~1.0.0":
  "resolved" "https://registry.npmjs.org/is-typedarray/-/is-typedarray-1.0.0.tgz"
  "version" "1.0.0"

"isarray@~1.0.0":
  "resolved" "https://registry.npmjs.org/isarray/-/isarray-1.0.0.tgz"
  "version" "1.0.0"

"isexe@^1.1.1":
  "resolved" "https://registry.npmjs.org/isexe/-/isexe-1.1.2.tgz"
  "version" "1.1.2"

"isstream@~0.1.2":
  "resolved" "https://registry.npmjs.org/isstream/-/isstream-0.1.2.tgz"
  "version" "0.1.2"

"istanbul@^0.4.4":
  "resolved" "https://registry.npmjs.org/istanbul/-/istanbul-0.4.5.tgz"
  "version" "0.4.5"
  dependencies:
    "abbrev" "1.0.x"
    "async" "1.x"
    "escodegen" "1.8.x"
    "esprima" "2.7.x"
    "glob" "^5.0.15"
    "handlebars" "^4.0.1"
    "js-yaml" "3.x"
    "mkdirp" "0.5.x"
    "nopt" "3.x"
    "once" "1.x"
    "resolve" "1.1.x"
    "supports-color" "^3.1.0"
    "which" "^1.1.1"
    "wordwrap" "^1.0.0"

"js-yaml@3.x":
  "resolved" "https://registry.npmjs.org/js-yaml/-/js-yaml-3.7.0.tgz"
  "version" "3.7.0"
  dependencies:
    "argparse" "^1.0.7"
    "esprima" "^2.6.0"

"jsbn@~0.1.0":
  "resolved" "https://registry.npmjs.org/jsbn/-/jsbn-0.1.1.tgz"
  "version" "0.1.1"

"json-schema@0.2.3":
  "resolved" "https://registry.npmjs.org/json-schema/-/json-schema-0.2.3.tgz"
  "version" "0.2.3"

"json-stringify-safe@~5.0.1":
  "resolved" "https://registry.npmjs.org/json-stringify-safe/-/json-stringify-safe-5.0.1.tgz"
  "version" "5.0.1"

"json3@3.3.2":
  "resolved" "https://registry.npmjs.org/json3/-/json3-3.3.2.tgz"
  "version" "3.3.2"

"jsonpointer@^4.0.0":
  "resolved" "https://registry.npmjs.org/jsonpointer/-/jsonpointer-4.0.1.tgz"
  "version" "4.0.1"

"jsprim@^1.2.2":
  "resolved" "https://registry.npmjs.org/jsprim/-/jsprim-1.3.1.tgz"
  "version" "1.3.1"
  dependencies:
    "extsprintf" "1.0.2"
    "json-schema" "0.2.3"
    "verror" "1.3.6"

"levn@~0.3.0":
  "resolved" "https://registry.npmjs.org/levn/-/levn-0.3.0.tgz"
  "version" "0.3.0"
  dependencies:
    "prelude-ls" "~1.1.2"
    "type-check" "~0.3.2"

"lodash._baseassign@^3.0.0":
  "resolved" "https://registry.npmjs.org/lodash._baseassign/-/lodash._baseassign-3.2.0.tgz"
  "version" "3.2.0"
  dependencies:
    "lodash._basecopy" "^3.0.0"
    "lodash.keys" "^3.0.0"

"lodash._basecopy@^3.0.0":
  "resolved" "https://registry.npmjs.org/lodash._basecopy/-/lodash._basecopy-3.0.1.tgz"
  "version" "3.0.1"

"lodash._basecreate@^3.0.0":
  "resolved" "https://registry.npmjs.org/lodash._basecreate/-/lodash._basecreate-3.0.3.tgz"
  "version" "3.0.3"

"lodash._getnative@^3.0.0":
  "resolved" "https://registry.npmjs.org/lodash._getnative/-/lodash._getnative-3.9.1.tgz"
  "version" "3.9.1"

"lodash._isiterateecall@^3.0.0":
  "resolved" "https://registry.npmjs.org/lodash._isiterateecall/-/lodash._isiterateecall-3.0.9.tgz"
  "version" "3.0.9"

"lodash.create@3.1.1":
  "resolved" "https://registry.npmjs.org/lodash.create/-/lodash.create-3.1.1.tgz"
  "version" "3.1.1"
  dependencies:
    "lodash._baseassign" "^3.0.0"
    "lodash._basecreate" "^3.0.0"
    "lodash._isiterateecall" "^3.0.0"

"lodash.isarguments@^3.0.0":
  "resolved" "https://registry.npmjs.org/lodash.isarguments/-/lodash.isarguments-3.1.0.tgz"
  "version" "3.1.0"

"lodash.isarray@^3.0.0":
  "resolved" "https://registry.npmjs.org/lodash.isarray/-/lodash.isarray-3.0.4.tgz"
  "version" "3.0.4"

"lodash.keys@^3.0.0":
  "resolved" "https://registry.npmjs.org/lodash.keys/-/lodash.keys-3.1.2.tgz"
  "version" "3.1.2"
  dependencies:
    "lodash._getnative" "^3.0.0"
    "lodash.isarguments" "^3.0.0"
    "lodash.isarray" "^3.0.0"

"lolex@1.3.2":
  "resolved" "https://registry.npmjs.org/lolex/-/lolex-1.3.2.tgz"
  "version" "1.3.2"

"md5@^2.1.0":
  "resolved" "https://registry.npmjs.org/md5/-/md5-2.2.1.tgz"
  "version" "2.2.1"
  dependencies:
    "charenc" "~0.0.1"
    "crypt" "~0.0.1"
    "is-buffer" "~1.1.1"

"media-typer@0.3.0":
  "resolved" "https://registry.npmjs.org/media-typer/-/media-typer-0.3.0.tgz"
  "version" "0.3.0"

"merge-descriptors@1.0.1":
  "resolved" "https://registry.npmjs.org/merge-descriptors/-/merge-descriptors-1.0.1.tgz"
  "version" "1.0.1"

"methods@^1.1.1", "methods@^1.1.2", "methods@~1.1.2":
  "resolved" "https://registry.npmjs.org/methods/-/methods-1.1.2.tgz"
  "version" "1.1.2"

"mime-db@~1.25.0":
  "resolved" "https://registry.npmjs.org/mime-db/-/mime-db-1.25.0.tgz"
  "version" "1.25.0"

"mime-types@^2.1.10", "mime-types@^2.1.12", "mime-types@~2.1.11", "mime-types@~2.1.13", "mime-types@~2.1.7":
  "resolved" "https://registry.npmjs.org/mime-types/-/mime-types-2.1.13.tgz"
  "version" "2.1.13"
  dependencies:
    "mime-db" "~1.25.0"

"mime@^1.3.4", "mime@1.3.4":
  "resolved" "https://registry.npmjs.org/mime/-/mime-1.3.4.tgz"
  "version" "1.3.4"

"minimatch@^3.0.2", "minimatch@2 || 3":
  "resolved" "https://registry.npmjs.org/minimatch/-/minimatch-3.0.3.tgz"
  "version" "3.0.3"
  dependencies:
    "brace-expansion" "^1.0.0"

"minimist@~0.0.1":
  "resolved" "https://registry.npmjs.org/minimist/-/minimist-0.0.10.tgz"
  "version" "0.0.10"

"minimist@0.0.8":
  "resolved" "https://registry.npmjs.org/minimist/-/minimist-0.0.8.tgz"
  "version" "0.0.8"

"mkdirp@~0.5.1", "mkdirp@0.5.1", "mkdirp@0.5.x":
  "resolved" "https://registry.npmjs.org/mkdirp/-/mkdirp-0.5.1.tgz"
  "version" "0.5.1"
  dependencies:
    "minimist" "0.0.8"

"mocha-junit-reporter@^1.12.1":
  "resolved" "https://registry.npmjs.org/mocha-junit-reporter/-/mocha-junit-reporter-1.12.1.tgz"
  "version" "1.12.1"
  dependencies:
    "debug" "^2.2.0"
    "md5" "^2.1.0"
    "mkdirp" "~0.5.1"
    "xml" "^1.0.0"

"mocha@^3 || ^2.2.5", "mocha@^3.0.0":
  "resolved" "https://registry.npmjs.org/mocha/-/mocha-3.2.0.tgz"
  "version" "3.2.0"
  dependencies:
    "browser-stdout" "1.3.0"
    "commander" "2.9.0"
    "debug" "2.2.0"
    "diff" "1.4.0"
    "escape-string-regexp" "1.0.5"
    "glob" "7.0.5"
    "growl" "1.9.2"
    "json3" "3.3.2"
    "lodash.create" "3.1.1"
    "mkdirp" "0.5.1"
    "supports-color" "3.1.2"

"mongodb-core@2.1.2":
  "resolved" "https://registry.npmjs.org/mongodb-core/-/mongodb-core-2.1.2.tgz"
  "version" "2.1.2"
  dependencies:
    "bson" "~1.0.1"
    "require_optional" "~1.0.0"

"mongodb@^2.2.5":
  "resolved" "https://registry.npmjs.org/mongodb/-/mongodb-2.2.16.tgz"
  "version" "2.2.16"
  dependencies:
    "es6-promise" "3.2.1"
    "mongodb-core" "2.1.2"
    "readable-stream" "2.1.5"

"morgan@1.0.0":
  "integrity" "sha512-k9QzPEjwMIi8fKmY5LB3sQNk3J7yo7ERjxDrE6Aj2o6Wg/o/ZFU+zw5WNxz5X0jH6cWUzMY37bFMvvWEXanjeA=="
  "resolved" "https://registry.npmjs.org/morgan/-/morgan-1.0.0.tgz"
  "version" "1.0.0"
  dependencies:
    "bytes" "~0.2.0"

"ms@^2.1.1":
  "resolved" "https://registry.npmjs.org/ms/-/ms-2.1.2.tgz"
  "version" "2.1.2"

"ms@0.7.1":
  "resolved" "https://registry.npmjs.org/ms/-/ms-0.7.1.tgz"
  "version" "0.7.1"

"negotiator@0.6.1":
  "resolved" "https://registry.npmjs.org/negotiator/-/negotiator-0.6.1.tgz"
  "version" "0.6.1"

"neo-async@^2.6.0":
  "resolved" "https://registry.npmjs.org/neo-async/-/neo-async-2.6.1.tgz"
  "version" "2.6.1"

"nopt@3.x":
  "resolved" "https://registry.npmjs.org/nopt/-/nopt-3.0.6.tgz"
  "version" "3.0.6"
  dependencies:
    "abbrev" "1"

"oauth-sign@~0.8.1":
  "resolved" "https://registry.npmjs.org/oauth-sign/-/oauth-sign-0.8.2.tgz"
  "version" "0.8.2"

"on-finished@~2.3.0":
  "resolved" "https://registry.npmjs.org/on-finished/-/on-finished-2.3.0.tgz"
  "version" "2.3.0"
  dependencies:
    "ee-first" "1.1.1"

"on-headers@~1.0.1":
  "resolved" "https://registry.npmjs.org/on-headers/-/on-headers-1.0.1.tgz"
  "version" "1.0.1"

"once@^1.3.0", "once@1.x":
  "resolved" "https://registry.npmjs.org/once/-/once-1.4.0.tgz"
  "version" "1.4.0"
  dependencies:
    "wrappy" "1"

"optimist@^0.6.1":
  "resolved" "https://registry.npmjs.org/optimist/-/optimist-0.6.1.tgz"
  "version" "0.6.1"
  dependencies:
    "minimist" "~0.0.1"
    "wordwrap" "~0.0.2"

"optionator@^0.8.1":
  "resolved" "https://registry.npmjs.org/optionator/-/optionator-0.8.2.tgz"
  "version" "0.8.2"
  dependencies:
    "deep-is" "~0.1.3"
    "fast-levenshtein" "~2.0.4"
    "levn" "~0.3.0"
    "prelude-ls" "~1.1.2"
    "type-check" "~0.3.2"
    "wordwrap" "~1.0.0"

"parseurl@~1.3.1":
  "resolved" "https://registry.npmjs.org/parseurl/-/parseurl-1.3.1.tgz"
  "version" "1.3.1"

"path-is-absolute@^1.0.0":
  "resolved" "https://registry.npmjs.org/path-is-absolute/-/path-is-absolute-1.0.1.tgz"
  "version" "1.0.1"

"path-to-regexp@0.1.7":
  "resolved" "https://registry.npmjs.org/path-to-regexp/-/path-to-regexp-0.1.7.tgz"
  "version" "0.1.7"

"pinkie-promise@^2.0.0":
  "resolved" "https://registry.npmjs.org/pinkie-promise/-/pinkie-promise-2.0.1.tgz"
  "version" "2.0.1"
  dependencies:
    "pinkie" "^2.0.0"

"pinkie@^2.0.0":
  "resolved" "https://registry.npmjs.org/pinkie/-/pinkie-2.0.4.tgz"
  "version" "2.0.4"

"prelude-ls@~1.1.2":
  "resolved" "https://registry.npmjs.org/prelude-ls/-/prelude-ls-1.1.2.tgz"
  "version" "1.1.2"

"process-nextick-args@~1.0.6":
  "resolved" "https://registry.npmjs.org/process-nextick-args/-/process-nextick-args-1.0.7.tgz"
  "version" "1.0.7"

"prom-client@^6.3.0":
  "resolved" "https://registry.npmjs.org/prom-client/-/prom-client-6.3.0.tgz"
  "version" "6.3.0"
  dependencies:
    "tdigest" "^0.1.1"
    "util-extend" "^1.0.1"

"proxy-addr@~1.1.2":
  "resolved" "https://registry.npmjs.org/proxy-addr/-/proxy-addr-1.1.2.tgz"
  "version" "1.1.2"
  dependencies:
    "forwarded" "~0.1.0"
    "ipaddr.js" "1.1.1"

"punycode@^1.4.1":
  "resolved" "https://registry.npmjs.org/punycode/-/punycode-1.4.1.tgz"
  "version" "1.4.1"

"qs@^6.1.0", "qs@^6.2.0", "qs@~6.3.0":
  "resolved" "https://registry.npmjs.org/qs/-/qs-6.3.0.tgz"
  "version" "6.3.0"

"qs@6.2.0":
  "resolved" "https://registry.npmjs.org/qs/-/qs-6.2.0.tgz"
  "version" "6.2.0"

"random-bytes@~1.0.0":
  "resolved" "https://registry.npmjs.org/random-bytes/-/random-bytes-1.0.0.tgz"
  "version" "1.0.0"

"range-parser@~1.2.0":
  "resolved" "https://registry.npmjs.org/range-parser/-/range-parser-1.2.0.tgz"
  "version" "1.2.0"

"raw-body@~2.1.7":
  "resolved" "https://registry.npmjs.org/raw-body/-/raw-body-2.1.7.tgz"
  "version" "2.1.7"
  dependencies:
    "bytes" "2.4.0"
    "iconv-lite" "0.4.13"
    "unpipe" "1.0.0"

"readable-stream@^2.0.5":
  "resolved" "https://registry.npmjs.org/readable-stream/-/readable-stream-2.2.2.tgz"
  "version" "2.2.2"
  dependencies:
    "buffer-shims" "^1.0.0"
    "core-util-is" "~1.0.0"
    "inherits" "~2.0.1"
    "isarray" "~1.0.0"
    "process-nextick-args" "~1.0.6"
    "string_decoder" "~0.10.x"
    "util-deprecate" "~1.0.1"

"readable-stream@2.1.5":
  "resolved" "https://registry.npmjs.org/readable-stream/-/readable-stream-2.1.5.tgz"
  "version" "2.1.5"
  dependencies:
    "buffer-shims" "^1.0.0"
    "core-util-is" "~1.0.0"
    "inherits" "~2.0.1"
    "isarray" "~1.0.0"
    "process-nextick-args" "~1.0.6"
    "string_decoder" "~0.10.x"
    "util-deprecate" "~1.0.1"

"redis-commands@^1.2.0":
  "resolved" "https://registry.npmjs.org/redis-commands/-/redis-commands-1.5.0.tgz"
  "version" "1.5.0"

"redis-parser@^2.6.0":
  "resolved" "https://registry.npmjs.org/redis-parser/-/redis-parser-2.6.0.tgz"
  "version" "2.6.0"

"redis@^2.8.0":
  "resolved" "https://registry.npmjs.org/redis/-/redis-2.8.0.tgz"
  "version" "2.8.0"
  dependencies:
    "double-ended-queue" "^2.1.0-0"
    "redis-commands" "^1.2.0"
    "redis-parser" "^2.6.0"

"request@^2.72.0":
  "resolved" "https://registry.npmjs.org/request/-/request-2.79.0.tgz"
  "version" "2.79.0"
  dependencies:
    "aws-sign2" "~0.6.0"
    "aws4" "^1.2.1"
    "caseless" "~0.11.0"
    "combined-stream" "~1.0.5"
    "extend" "~3.0.0"
    "forever-agent" "~0.6.1"
    "form-data" "~2.1.1"
    "har-validator" "~2.0.6"
    "hawk" "~3.1.3"
    "http-signature" "~1.1.0"
    "is-typedarray" "~1.0.0"
    "isstream" "~0.1.2"
    "json-stringify-safe" "~5.0.1"
    "mime-types" "~2.1.7"
    "oauth-sign" "~0.8.1"
    "qs" "~6.3.0"
    "stringstream" "~0.0.4"
    "tough-cookie" "~2.3.0"
    "tunnel-agent" "~0.4.1"
    "uuid" "^3.0.0"

"require_optional@~1.0.0":
  "resolved" "https://registry.npmjs.org/require_optional/-/require_optional-1.0.0.tgz"
  "version" "1.0.0"
  dependencies:
    "resolve-from" "^2.0.0"
    "semver" "^5.1.0"

"resolve-from@^2.0.0":
  "resolved" "https://registry.npmjs.org/resolve-from/-/resolve-from-2.0.0.tgz"
  "version" "2.0.0"

"resolve@1.1.x":
  "resolved" "https://registry.npmjs.org/resolve/-/resolve-1.1.7.tgz"
  "version" "1.1.7"

"safer-buffer@^2.0.2", "safer-buffer@^2.1.0", "safer-buffer@~2.1.0":
  "resolved" "https://registry.npmjs.org/safer-buffer/-/safer-buffer-2.1.2.tgz"
  "version" "2.1.2"

"samsam@~1.1", "samsam@1.1.2":
  "resolved" "https://registry.npmjs.org/samsam/-/samsam-1.1.2.tgz"
  "version" "1.1.2"

"semver@^5.1.0":
  "resolved" "https://registry.npmjs.org/semver/-/semver-5.3.0.tgz"
  "version" "5.3.0"

"send@0.14.1":
  "resolved" "https://registry.npmjs.org/send/-/send-0.14.1.tgz"
  "version" "0.14.1"
  dependencies:
    "debug" "~2.2.0"
    "depd" "~1.1.0"
    "destroy" "~1.0.4"
    "encodeurl" "~1.0.1"
    "escape-html" "~1.0.3"
    "etag" "~1.7.0"
    "fresh" "0.3.0"
    "http-errors" "~1.5.0"
    "mime" "1.3.4"
    "ms" "0.7.1"
    "on-finished" "~2.3.0"
    "range-parser" "~1.2.0"
    "statuses" "~1.3.0"

"serve-static@^1.10.2", "serve-static@~1.11.1":
  "resolved" "https://registry.npmjs.org/serve-static/-/serve-static-1.11.1.tgz"
  "version" "1.11.1"
  dependencies:
    "encodeurl" "~1.0.1"
    "escape-html" "~1.0.3"
    "parseurl" "~1.3.1"
    "send" "0.14.1"

"setprototypeof@1.0.2":
  "resolved" "https://registry.npmjs.org/setprototypeof/-/setprototypeof-1.0.2.tgz"
  "version" "1.0.2"

"sinon@^1.17.5":
  "resolved" "https://registry.npmjs.org/sinon/-/sinon-1.17.6.tgz"
  "version" "1.17.6"
  dependencies:
    "formatio" "1.1.1"
    "lolex" "1.3.2"
    "samsam" "1.1.2"
    "util" ">=0.10.3 <1"

"sntp@1.x.x":
  "resolved" "https://registry.npmjs.org/sntp/-/sntp-1.0.9.tgz"
  "version" "1.0.9"
  dependencies:
    "hoek" "2.x.x"

"source-map@^0.6.1", "source-map@~0.6.1":
  "resolved" "https://registry.npmjs.org/source-map/-/source-map-0.6.1.tgz"
  "version" "0.6.1"

"source-map@~0.2.0":
  "resolved" "https://registry.npmjs.org/source-map/-/source-map-0.2.0.tgz"
  "version" "0.2.0"
  dependencies:
    "amdefine" ">=0.0.4"

"sprintf-js@~1.0.2":
  "resolved" "https://registry.npmjs.org/sprintf-js/-/sprintf-js-1.0.3.tgz"
  "version" "1.0.3"

"sshpk@^1.7.0":
  "resolved" "https://registry.npmjs.org/sshpk/-/sshpk-1.16.1.tgz"
  "version" "1.16.1"
  dependencies:
    "asn1" "~0.2.3"
    "assert-plus" "^1.0.0"
    "bcrypt-pbkdf" "^1.0.0"
    "dashdash" "^1.12.0"
    "ecc-jsbn" "~0.1.1"
    "getpass" "^0.1.1"
    "jsbn" "~0.1.0"
    "safer-buffer" "^2.0.2"
    "tweetnacl" "~0.14.0"

"statuses@>= 1.3.1 < 2", "statuses@~1.3.0":
  "resolved" "https://registry.npmjs.org/statuses/-/statuses-1.3.1.tgz"
  "version" "1.3.1"

"string_decoder@~0.10.x":
  "resolved" "https://registry.npmjs.org/string_decoder/-/string_decoder-0.10.31.tgz"
  "version" "0.10.31"

"stringstream@~0.0.4":
  "resolved" "https://registry.npmjs.org/stringstream/-/stringstream-0.0.5.tgz"
  "version" "0.0.5"

"strip-ansi@^3.0.0":
  "resolved" "https://registry.npmjs.org/strip-ansi/-/strip-ansi-3.0.1.tgz"
  "version" "3.0.1"
  dependencies:
    "ansi-regex" "^2.0.0"

"superagent@^2.0.0":
  "resolved" "https://registry.npmjs.org/superagent/-/superagent-2.3.0.tgz"
  "version" "2.3.0"
  dependencies:
    "component-emitter" "^1.2.0"
    "cookiejar" "^2.0.6"
    "debug" "^2.2.0"
    "extend" "^3.0.0"
    "form-data" "1.0.0-rc4"
    "formidable" "^1.0.17"
    "methods" "^1.1.1"
    "mime" "^1.3.4"
    "qs" "^6.1.0"
    "readable-stream" "^2.0.5"

"supports-color@^2.0.0":
  "resolved" "https://registry.npmjs.org/supports-color/-/supports-color-2.0.0.tgz"
  "version" "2.0.0"

"supports-color@^3.1.0", "supports-color@3.1.2":
  "resolved" "https://registry.npmjs.org/supports-color/-/supports-color-3.1.2.tgz"
  "version" "3.1.2"
  dependencies:
    "has-flag" "^1.0.0"

"tdigest@^0.1.1":
  "resolved" "https://registry.npmjs.org/tdigest/-/tdigest-0.1.1.tgz"
  "version" "0.1.1"
  dependencies:
    "bintrees" "1.0.1"

"tough-cookie@~2.3.0":
  "resolved" "https://registry.npmjs.org/tough-cookie/-/tough-cookie-2.3.4.tgz"
  "version" "2.3.4"
  dependencies:
    "punycode" "^1.4.1"

"tunnel-agent@~0.4.1":
  "resolved" "https://registry.npmjs.org/tunnel-agent/-/tunnel-agent-0.4.3.tgz"
  "version" "0.4.3"

"tweetnacl@^0.14.3", "tweetnacl@~0.14.0":
  "resolved" "https://registry.npmjs.org/tweetnacl/-/tweetnacl-0.14.5.tgz"
  "version" "0.14.5"

"type-check@~0.3.2":
  "resolved" "https://registry.npmjs.org/type-check/-/type-check-0.3.2.tgz"
  "version" "0.3.2"
  dependencies:
    "prelude-ls" "~1.1.2"

"type-detect@^1.0.0":
  "resolved" "https://registry.npmjs.org/type-detect/-/type-detect-1.0.0.tgz"
  "version" "1.0.0"

"type-detect@0.1.1":
  "resolved" "https://registry.npmjs.org/type-detect/-/type-detect-0.1.1.tgz"
  "version" "0.1.1"

"type-is@~1.6.13":
  "resolved" "https://registry.npmjs.org/type-is/-/type-is-1.6.14.tgz"
  "version" "1.6.14"
  dependencies:
    "media-typer" "0.3.0"
    "mime-types" "~2.1.13"

"uglify-js@^3.1.4":
  "resolved" "https://registry.npmjs.org/uglify-js/-/uglify-js-3.6.5.tgz"
  "version" "3.6.5"
  dependencies:
    "commander" "~2.20.3"
    "source-map" "~0.6.1"

"uid-safe@~2.1.3":
  "resolved" "https://registry.npmjs.org/uid-safe/-/uid-safe-2.1.3.tgz"
  "version" "2.1.3"
  dependencies:
    "base64-url" "1.3.3"
    "random-bytes" "~1.0.0"

"unpipe@~1.0.0", "unpipe@1.0.0":
  "resolved" "https://registry.npmjs.org/unpipe/-/unpipe-1.0.0.tgz"
  "version" "1.0.0"

"util-deprecate@~1.0.1":
  "resolved" "https://registry.npmjs.org/util-deprecate/-/util-deprecate-1.0.2.tgz"
  "version" "1.0.2"

"util-extend@^1.0.1":
  "resolved" "https://registry.npmjs.org/util-extend/-/util-extend-1.0.3.tgz"
  "version" "1.0.3"

"util@>=0.10.3 <1":
  "resolved" "https://registry.npmjs.org/util/-/util-0.10.3.tgz"
  "version" "0.10.3"
  dependencies:
    "inherits" "2.0.1"

"utils-merge@1.0.0":
  "resolved" "https://registry.npmjs.org/utils-merge/-/utils-merge-1.0.0.tgz"
  "version" "1.0.0"

"uuid@^3.0.0":
  "resolved" "https://registry.npmjs.org/uuid/-/uuid-3.0.1.tgz"
  "version" "3.0.1"

"vary@~1.1.0":
  "resolved" "https://registry.npmjs.org/vary/-/vary-1.1.0.tgz"
  "version" "1.1.0"

"verror@1.3.6":
  "resolved" "https://registry.npmjs.org/verror/-/verror-1.3.6.tgz"
  "version" "1.3.6"
  dependencies:
    "extsprintf" "1.0.2"

"which@^1.1.1":
  "resolved" "https://registry.npmjs.org/which/-/which-1.2.12.tgz"
  "version" "1.2.12"
  dependencies:
    "isexe" "^1.1.1"

"wordwrap@^1.0.0", "wordwrap@~1.0.0":
  "resolved" "https://registry.npmjs.org/wordwrap/-/wordwrap-1.0.0.tgz"
  "version" "1.0.0"

"wordwrap@~0.0.2":
  "resolved" "https://registry.npmjs.org/wordwrap/-/wordwrap-0.0.3.tgz"
  "version" "0.0.3"

"wrappy@1":
  "resolved" "https://registry.npmjs.org/wrappy/-/wrappy-1.0.2.tgz"
  "version" "1.0.2"

"xml@^1.0.0":
  "resolved" "https://registry.npmjs.org/xml/-/xml-1.0.1.tgz"
  "version" "1.0.1"

"xtend@^4.0.0":
  "resolved" "https://registry.npmjs.org/xtend/-/xtend-4.0.1.tgz"
  "version" "4.0.1"
